
Microsoft Visual Studio Solution File, Format Version 12.00
# Visual Studio Version 17
VisualStudioVersion = 17.12.35707.178 d17.12
MinimumVisualStudioVersion = 10.0.40219.1
Project("{FAE04EC0-301F-11D3-BF4B-00C04F79EFBC}") = "PlanCare.Server", "PlanCare.Server\PlanCare.Server.csproj", "{E4DF59DB-0E3C-49B4-8E68-CF2636AFEFB4}"
EndProject
Project("{54A90642-561A-4BB1-A94E-469ADEE60C69}") = "plancare.client", "plancare.client\plancare.client.esproj", "{E7EF1760-8EDE-4032-B863-6AAA4F52283D}"
EndProject
Global
	GlobalSection(SolutionConfigurationPlatforms) = preSolution
		Debug|Any CPU = Debug|Any CPU
		Release|Any CPU = Release|Any CPU
	EndGlobalSection
	GlobalSection(ProjectConfigurationPlatforms) = postSolution
		{E4DF59DB-0E3C-49B4-8E68-CF2636AFEFB4}.Debug|Any CPU.ActiveCfg = Debug|Any CPU
		{E4DF59DB-0E3C-49B4-8E68-CF2636AFEFB4}.Debug|Any CPU.Build.0 = Debug|Any CPU
		{E4DF59DB-0E3C-49B4-8E68-CF2636AFEFB4}.Release|Any CPU.ActiveCfg = Release|Any CPU
		{E4DF59DB-0E3C-49B4-8E68-CF2636AFEFB4}.Release|Any CPU.Build.0 = Release|Any CPU
		{E7EF1760-8EDE-4032-B863-6AAA4F52283D}.Debug|Any CPU.ActiveCfg = Debug|Any CPU
		{E7EF1760-8EDE-4032-B863-6AAA4F52283D}.Debug|Any CPU.Build.0 = Debug|Any CPU
		{E7EF1760-8EDE-4032-B863-6AAA4F52283D}.Debug|Any CPU.Deploy.0 = Debug|Any CPU
		{E7EF1760-8EDE-4032-B863-6AAA4F52283D}.Release|Any CPU.ActiveCfg = Release|Any CPU
		{E7EF1760-8EDE-4032-B863-6AAA4F52283D}.Release|Any CPU.Build.0 = Release|Any CPU
		{E7EF1760-8EDE-4032-B863-6AAA4F52283D}.Release|Any CPU.Deploy.0 = Release|Any CPU
	EndGlobalSection
	GlobalSection(SolutionProperties) = preSolution
		HideSolutionNode = FALSE
	EndGlobalSection
EndGlobal
